// !$*UTF8*$!
{
	archiveVersion = 1;
	classes = {
	};
	objectVersion = 55;
	objects = {

/* Begin PBXBuildFile section */
		770F11A4280D5AE000FD205F /* WhereIsWeatherApp.swift in Sources */ = {isa = PBXBuildFile; fileRef = 770F11A3280D5AE000FD205F /* WhereIsWeatherApp.swift */; };
		770F11A6280D5AE000FD205F /* ContentView.swift in Sources */ = {isa = PBXBuildFile; fileRef = 770F11A5280D5AE000FD205F /* ContentView.swift */; };
		770F11A8280D5AE100FD205F /* Assets.xcassets in Resources */ = {isa = PBXBuildFile; fileRef = 770F11A7280D5AE100FD205F /* Assets.xcassets */; };
		770F11AB280D5AE100FD205F /* Preview Assets.xcassets in Resources */ = {isa = PBXBuildFile; fileRef = 770F11AA280D5AE100FD205F /* Preview Assets.xcassets */; };
		770F11B3280D608300FD205F /* ComposableArchitecture in Frameworks */ = {isa = PBXBuildFile; productRef = 770F11B2280D608300FD205F /* ComposableArchitecture */; };
		777E3182280D7E7C00992DFF /* LocalSearchCompleter.swift in Sources */ = {isa = PBXBuildFile; fileRef = 777E3181280D7E7C00992DFF /* LocalSearchCompleter.swift */; };
		777E3184280DB09200992DFF /* LocalSearchClient.swift in Sources */ = {isa = PBXBuildFile; fileRef = 777E3183280DB09200992DFF /* LocalSearchClient.swift */; };
		777E318C280DBFE300992DFF /* WhereIsWeatherTests.swift in Sources */ = {isa = PBXBuildFile; fileRef = 777E318B280DBFE300992DFF /* WhereIsWeatherTests.swift */; };
/* End PBXBuildFile section */

/* Begin PBXContainerItemProxy section */
		777E318D280DBFE300992DFF /* PBXContainerItemProxy */ = {
			isa = PBXContainerItemProxy;
			containerPortal = 770F1198280D5AE000FD205F /* Project object */;
			proxyType = 1;
			remoteGlobalIDString = 770F119F280D5AE000FD205F;
			remoteInfo = WhereIsWeather;
		};
/* End PBXContainerItemProxy section */

/* Begin PBXFileReference section */
		770F11A0280D5AE000FD205F /* WhereIsWeather.app */ = {isa = PBXFileReference; explicitFileType = wrapper.application; includeInIndex = 0; path = WhereIsWeather.app; sourceTree = BUILT_PRODUCTS_DIR; };
		770F11A3280D5AE000FD205F /* WhereIsWeatherApp.swift */ = {isa = PBXFileReference; lastKnownFileType = sourcecode.swift; path = WhereIsWeatherApp.swift; sourceTree = "<group>"; };
		770F11A5280D5AE000FD205F /* ContentView.swift */ = {isa = PBXFileReference; lastKnownFileType = sourcecode.swift; path = ContentView.swift; sourceTree = "<group>"; };
		770F11A7280D5AE100FD205F /* Assets.xcassets */ = {isa = PBXFileReference; lastKnownFileType = folder.assetcatalog; path = Assets.xcassets; sourceTree = "<group>"; };
		770F11AA280D5AE100FD205F /* Preview Assets.xcassets */ = {isa = PBXFileReference; lastKnownFileType = folder.assetcatalog; path = "Preview Assets.xcassets"; sourceTree = "<group>"; };
		777E3180280D79FC00992DFF /* MyPlayground.playground */ = {isa = PBXFileReference; lastKnownFileType = file.playground; path = MyPlayground.playground; sourceTree = "<group>"; xcLanguageSpecificationIdentifier = xcode.lang.swift; };
		777E3181280D7E7C00992DFF /* LocalSearchCompleter.swift */ = {isa = PBXFileReference; lastKnownFileType = sourcecode.swift; path = LocalSearchCompleter.swift; sourceTree = "<group>"; };
		777E3183280DB09200992DFF /* LocalSearchClient.swift */ = {isa = PBXFileReference; lastKnownFileType = sourcecode.swift; path = LocalSearchClient.swift; sourceTree = "<group>"; };
		777E3189280DBFE300992DFF /* WhereIsWeatherTests.xctest */ = {isa = PBXFileReference; explicitFileType = wrapper.cfbundle; includeInIndex = 0; path = WhereIsWeatherTests.xctest; sourceTree = BUILT_PRODUCTS_DIR; };
		777E318B280DBFE300992DFF /* WhereIsWeatherTests.swift */ = {isa = PBXFileReference; lastKnownFileType = sourcecode.swift; path = WhereIsWeatherTests.swift; sourceTree = "<group>"; };
/* End PBXFileReference section */

/* Begin PBXFrameworksBuildPhase section */
		770F119D280D5AE000FD205F /* Frameworks */ = {
			isa = PBXFrameworksBuildPhase;
			buildActionMask = 2147483647;
			files = (
				770F11B3280D608300FD205F /* ComposableArchitecture in Frameworks */,
			);
			runOnlyForDeploymentPostprocessing = 0;
		};
		777E3186280DBFE300992DFF /* Frameworks */ = {
			isa = PBXFrameworksBuildPhase;
			buildActionMask = 2147483647;
			files = (
			);
			runOnlyForDeploymentPostprocessing = 0;
		};
/* End PBXFrameworksBuildPhase section */

/* Begin PBXGroup section */
		770F1197280D5AE000FD205F = {
			isa = PBXGroup;
			children = (
				770F11A2280D5AE000FD205F /* WhereIsWeather */,
				777E318A280DBFE300992DFF /* WhereIsWeatherTests */,
				770F11A1280D5AE000FD205F /* Products */,
			);
			sourceTree = "<group>";
		};
		770F11A1280D5AE000FD205F /* Products */ = {
			isa = PBXGroup;
			children = (
				770F11A0280D5AE000FD205F /* WhereIsWeather.app */,
				777E3189280DBFE300992DFF /* WhereIsWeatherTests.xctest */,
			);
			name = Products;
			sourceTree = "<group>";
		};
		770F11A2280D5AE000FD205F /* WhereIsWeather */ = {
			isa = PBXGroup;
			children = (
				777E3180280D79FC00992DFF /* MyPlayground.playground */,
				770F11A3280D5AE000FD205F /* WhereIsWeatherApp.swift */,
				770F11A5280D5AE000FD205F /* ContentView.swift */,
				777E3181280D7E7C00992DFF /* LocalSearchCompleter.swift */,
				777E3183280DB09200992DFF /* LocalSearchClient.swift */,
				770F11A7280D5AE100FD205F /* Assets.xcassets */,
				770F11A9280D5AE100FD205F /* Preview Content */,
			);
			path = WhereIsWeather;
			sourceTree = "<group>";
		};
		770F11A9280D5AE100FD205F /* Preview Content */ = {
			isa = PBXGroup;
			children = (
				770F11AA280D5AE100FD205F /* Preview Assets.xcassets */,
			);
			path = "Preview Content";
			sourceTree = "<group>";
		};
		777E318A280DBFE300992DFF /* WhereIsWeatherTests */ = {
			isa = PBXGroup;
			children = (
				777E318B280DBFE300992DFF /* WhereIsWeatherTests.swift */,
			);
			path = WhereIsWeatherTests;
			sourceTree = "<group>";
		};
/* End PBXGroup section */

/* Begin PBXNativeTarget section */
		770F119F280D5AE000FD205F /* WhereIsWeather */ = {
			isa = PBXNativeTarget;
			buildConfigurationList = 770F11AE280D5AE100FD205F /* Build configuration list for PBXNativeTarget "WhereIsWeather" */;
			buildPhases = (
				770F119C280D5AE000FD205F /* Sources */,
				770F119D280D5AE000FD205F /* Frameworks */,
				770F119E280D5AE000FD205F /* Resources */,
			);
			buildRules = (
			);
			dependencies = (
			);
			name = WhereIsWeather;
			packageProductDependencies = (
				770F11B2280D608300FD205F /* ComposableArchitecture */,
			);
			productName = WhereIsWeather;
			productReference = 770F11A0280D5AE000FD205F /* WhereIsWeather.app */;
			productType = "com.apple.product-type.application";
		};
		777E3188280DBFE300992DFF /* WhereIsWeatherTests */ = {
			isa = PBXNativeTarget;
			buildConfigurationList = 777E3191280DBFE300992DFF /* Build configuration list for PBXNativeTarget "WhereIsWeatherTests" */;
			buildPhases = (
				777E3185280DBFE300992DFF /* Sources */,
				777E3186280DBFE300992DFF /* Frameworks */,
				777E3187280DBFE300992DFF /* Resources */,
			);
			buildRules = (
			);
			dependencies = (
				777E318E280DBFE300992DFF /* PBXTargetDependency */,
			);
			name = WhereIsWeatherTests;
			productName = WhereIsWeatherTests;
			productReference = 777E3189280DBFE300992DFF /* WhereIsWeatherTests.xctest */;
			productType = "com.apple.product-type.bundle.unit-test";
		};
/* End PBXNativeTarget section */

/* Begin PBXProject section */
		770F1198280D5AE000FD205F /* Project object */ = {
			isa = PBXProject;
			attributes = {
				BuildIndependentTargetsInParallel = 1;
				LastSwiftUpdateCheck = 1330;
				LastUpgradeCheck = 1330;
				TargetAttributes = {
					770F119F280D5AE000FD205F = {
						CreatedOnToolsVersion = 13.3.1;
					};
					777E3188280DBFE300992DFF = {
						CreatedOnToolsVersion = 13.3.1;
						TestTargetID = 770F119F280D5AE000FD205F;
					};
				};
			};
			buildConfigurationList = 770F119B280D5AE000FD205F /* Build configuration list for PBXProject "WhereIsWeather" */;
			compatibilityVersion = "Xcode 13.0";
			developmentRegion = en;
			hasScannedForEncodings = 0;
			knownRegions = (
				en,
				Base,
			);
			mainGroup = 770F1197280D5AE000FD205F;
			packageReferences = (
				770F11B1280D608300FD205F /* XCRemoteSwiftPackageReference "swift-composable-architecture" */,
			);
			productRefGroup = 770F11A1280D5AE000FD205F /* Products */;
			projectDirPath = "";
			projectRoot = "";
			targets = (
				770F119F280D5AE000FD205F /* WhereIsWeather */,
				777E3188280DBFE300992DFF /* WhereIsWeatherTests */,
			);
		};
/* End PBXProject section */

/* Begin PBXResourcesBuildPhase section */
		770F119E280D5AE000FD205F /* Resources */ = {
			isa = PBXResourcesBuildPhase;
			buildActionMask = 2147483647;
			files = (
				770F11AB280D5AE100FD205F /* Preview Assets.xcassets in Resources */,
				770F11A8280D5AE100FD205F /* Assets.xcassets in Resources */,
			);
			runOnlyForDeploymentPostprocessing = 0;
		};
		777E3187280DBFE300992DFF /* Resources */ = {
			isa = PBXResourcesBuildPhase;
			buildActionMask = 2147483647;
			files = (
			);
			runOnlyForDeploymentPostprocessing = 0;
		};
/* End PBXResourcesBuildPhase section */

/* Begin PBXSourcesBuildPhase section */
		770F119C280D5AE000FD205F /* Sources */ = {
			isa = PBXSourcesBuildPhase;
			buildActionMask = 2147483647;
			files = (
				777E3182280D7E7C00992DFF /* LocalSearchCompleter.swift in Sources */,
				770F11A6280D5AE000FD205F /* ContentView.swift in Sources */,
				777E3184280DB09200992DFF /* LocalSearchClient.swift in Sources */,
				770F11A4280D5AE000FD205F /* WhereIsWeatherApp.swift in Sources */,
			);
			runOnlyForDeploymentPostprocessing = 0;
		};
		777E3185280DBFE300992DFF /* Sources */ = {
			isa = PBXSourcesBuildPhase;
			buildActionMask = 2147483647;
			files = (
				777E318C280DBFE300992DFF /* WhereIsWeatherTests.swift in Sources */,
			);
			runOnlyForDeploymentPostprocessing = 0;
		};
/* End PBXSourcesBuildPhase section */

/* Begin PBXTargetDependency section */
		777E318E280DBFE300992DFF /* PBXTargetDependency */ = {
			isa = PBXTargetDependency;
			target = 770F119F280D5AE000FD205F /* WhereIsWeather */;
			targetProxy = 777E318D280DBFE300992DFF /* PBXContainerItemProxy */;
		};
/* End PBXTargetDependency section */

/* Begin XCBuildConfiguration section */
		770F11AC280D5AE100FD205F /* Debug */ = {
			isa = XCBuildConfiguration;
			buildSettings = {
				ALWAYS_SEARCH_USER_PATHS = NO;
				CLANG_ANALYZER_NONNULL = YES;
				CLANG_ANALYZER_NUMBER_OBJECT_CONVERSION = YES_AGGRESSIVE;
				CLANG_CXX_LANGUAGE_STANDARD = "gnu++17";
				CLANG_ENABLE_MODULES = YES;
				CLANG_ENABLE_OBJC_ARC = YES;
				CLANG_ENABLE_OBJC_WEAK = YES;
				CLANG_WARN_BLOCK_CAPTURE_AUTORELEASING = YES;
				CLANG_WARN_BOOL_CONVERSION = YES;
				CLANG_WARN_COMMA = YES;
				CLANG_WARN_CONSTANT_CONVERSION = YES;
				CLANG_WARN_DEPRECATED_OBJC_IMPLEMENTATIONS = YES;
				CLANG_WARN_DIRECT_OBJC_ISA_USAGE = YES_ERROR;
				CLANG_WARN_DOCUMENTATION_COMMENTS = YES;
				CLANG_WARN_EMPTY_BODY = YES;
				CLANG_WARN_ENUM_CONVERSION = YES;
				CLANG_WARN_INFINITE_RECURSION = YES;
				CLANG_WARN_INT_CONVERSION = YES;
				CLANG_WARN_NON_LITERAL_NULL_CONVERSION = YES;
				CLANG_WARN_OBJC_IMPLICIT_RETAIN_SELF = YES;
				CLANG_WARN_OBJC_LITERAL_CONVERSION = YES;
				CLANG_WARN_OBJC_ROOT_CLASS = YES_ERROR;
				CLANG_WARN_QUOTED_INCLUDE_IN_FRAMEWORK_HEADER = YES;
				CLANG_WARN_RANGE_LOOP_ANALYSIS = YES;
				CLANG_WARN_STRICT_PROTOTYPES = YES;
				CLANG_WARN_SUSPICIOUS_MOVE = YES;
				CLANG_WARN_UNGUARDED_AVAILABILITY = YES_AGGRESSIVE;
				CLANG_WARN_UNREACHABLE_CODE = YES;
				CLANG_WARN__DUPLICATE_METHOD_MATCH = YES;
				COPY_PHASE_STRIP = NO;
				DEBUG_INFORMATION_FORMAT = dwarf;
				ENABLE_STRICT_OBJC_MSGSEND = YES;
				ENABLE_TESTABILITY = YES;
				GCC_C_LANGUAGE_STANDARD = gnu11;
				GCC_DYNAMIC_NO_PIC = NO;
				GCC_NO_COMMON_BLOCKS = YES;
				GCC_OPTIMIZATION_LEVEL = 0;
				GCC_PREPROCESSOR_DEFINITIONS = (
					"DEBUG=1",
					"$(inherited)",
				);
				GCC_WARN_64_TO_32_BIT_CONVERSION = YES;
				GCC_WARN_ABOUT_RETURN_TYPE = YES_ERROR;
				GCC_WARN_UNDECLARED_SELECTOR = YES;
				GCC_WARN_UNINITIALIZED_AUTOS = YES_AGGRESSIVE;
				GCC_WARN_UNUSED_FUNCTION = YES;
				GCC_WARN_UNUSED_VARIABLE = YES;
				IPHONEOS_DEPLOYMENT_TARGET = 15.4;
				MTL_ENABLE_DEBUG_INFO = INCLUDE_SOURCE;
				MTL_FAST_MATH = YES;
				ONLY_ACTIVE_ARCH = YES;
				SDKROOT = iphoneos;
				SWIFT_ACTIVE_COMPILATION_CONDITIONS = DEBUG;
				SWIFT_OPTIMIZATION_LEVEL = "-Onone";
			};
			name = Debug;
		};
		770F11AD280D5AE100FD205F /* Release */ = {
			isa = XCBuildConfiguration;
			buildSettings = {
				ALWAYS_SEARCH_USER_PATHS = NO;
				CLANG_ANALYZER_NONNULL = YES;
				CLANG_ANALYZER_NUMBER_OBJECT_CONVERSION = YES_AGGRESSIVE;
				CLANG_CXX_LANGUAGE_STANDARD = "gnu++17";
				CLANG_ENABLE_MODULES = YES;
				CLANG_ENABLE_OBJC_ARC = YES;
				CLANG_ENABLE_OBJC_WEAK = YES;
				CLANG_WARN_BLOCK_CAPTURE_AUTORELEASING = YES;
				CLANG_WARN_BOOL_CONVERSION = YES;
				CLANG_WARN_COMMA = YES;
				CLANG_WARN_CONSTANT_CONVERSION = YES;
				CLANG_WARN_DEPRECATED_OBJC_IMPLEMENTATIONS = YES;
				CLANG_WARN_DIRECT_OBJC_ISA_USAGE = YES_ERROR;
				CLANG_WARN_DOCUMENTATION_COMMENTS = YES;
				CLANG_WARN_EMPTY_BODY = YES;
				CLANG_WARN_ENUM_CONVERSION = YES;
				CLANG_WARN_INFINITE_RECURSION = YES;
				CLANG_WARN_INT_CONVERSION = YES;
				CLANG_WARN_NON_LITERAL_NULL_CONVERSION = YES;
				CLANG_WARN_OBJC_IMPLICIT_RETAIN_SELF = YES;
				CLANG_WARN_OBJC_LITERAL_CONVERSION = YES;
				CLANG_WARN_OBJC_ROOT_CLASS = YES_ERROR;
				CLANG_WARN_QUOTED_INCLUDE_IN_FRAMEWORK_HEADER = YES;
				CLANG_WARN_RANGE_LOOP_ANALYSIS = YES;
				CLANG_WARN_STRICT_PROTOTYPES = YES;
				CLANG_WARN_SUSPICIOUS_MOVE = YES;
				CLANG_WARN_UNGUARDED_AVAILABILITY = YES_AGGRESSIVE;
				CLANG_WARN_UNREACHABLE_CODE = YES;
				CLANG_WARN__DUPLICATE_METHOD_MATCH = YES;
				COPY_PHASE_STRIP = NO;
				DEBUG_INFORMATION_FORMAT = "dwarf-with-dsym";
				ENABLE_NS_ASSERTIONS = NO;
				ENABLE_STRICT_OBJC_MSGSEND = YES;
				GCC_C_LANGUAGE_STANDARD = gnu11;
				GCC_NO_COMMON_BLOCKS = YES;
				GCC_WARN_64_TO_32_BIT_CONVERSION = YES;
				GCC_WARN_ABOUT_RETURN_TYPE = YES_ERROR;
				GCC_WARN_UNDECLARED_SELECTOR = YES;
				GCC_WARN_UNINITIALIZED_AUTOS = YES_AGGRESSIVE;
				GCC_WARN_UNUSED_FUNCTION = YES;
				GCC_WARN_UNUSED_VARIABLE = YES;
				IPHONEOS_DEPLOYMENT_TARGET = 15.4;
				MTL_ENABLE_DEBUG_INFO = NO;
				MTL_FAST_MATH = YES;
				SDKROOT = iphoneos;
				SWIFT_COMPILATION_MODE = wholemodule;
				SWIFT_OPTIMIZATION_LEVEL = "-O";
				VALIDATE_PRODUCT = YES;
			};
			name = Release;
		};
		770F11AF280D5AE100FD205F /* Debug */ = {
			isa = XCBuildConfiguration;
			buildSettings = {
				ASSETCATALOG_COMPILER_APPICON_NAME = AppIcon;
				ASSETCATALOG_COMPILER_GLOBAL_ACCENT_COLOR_NAME = AccentColor;
				CODE_SIGN_STYLE = Automatic;
				CURRENT_PROJECT_VERSION = 1;
				DEVELOPMENT_ASSET_PATHS = "\"WhereIsWeather/Preview Content\"";
				DEVELOPMENT_TEAM = PFT2629W4Z;
				ENABLE_PREVIEWS = YES;
				GENERATE_INFOPLIST_FILE = YES;
				INFOPLIST_KEY_UIApplicationSceneManifest_Generation = YES;
				INFOPLIST_KEY_UIApplicationSupportsIndirectInputEvents = YES;
				INFOPLIST_KEY_UILaunchScreen_Generation = YES;
				INFOPLIST_KEY_UISupportedInterfaceOrientations_iPad = "UIInterfaceOrientationPortrait UIInterfaceOrientationPortraitUpsideDown UIInterfaceOrientationLandscapeLeft UIInterfaceOrientationLandscapeRight";
				INFOPLIST_KEY_UISupportedInterfaceOrientations_iPhone = "UIInterfaceOrientationPortrait UIInterfaceOrientationLandscapeLeft UIInterfaceOrientationLandscapeRight";
				LD_RUNPATH_SEARCH_PATHS = (
					"$(inherited)",
					"@executable_path/Frameworks",
				);
				MARKETING_VERSION = 1.0;
				PRODUCT_BUNDLE_IDENTIFIER = SwiftViktor.WhereIsWeather;
				PRODUCT_NAME = "$(TARGET_NAME)";
				SWIFT_EMIT_LOC_STRINGS = YES;
				SWIFT_VERSION = 5.0;
				TARGETED_DEVICE_FAMILY = "1,2";
			};
			name = Debug;
		};
		770F11B0280D5AE100FD205F /* Release */ = {
			isa = XCBuildConfiguration;
			buildSettings = {
				ASSETCATALOG_COMPILER_APPICON_NAME = AppIcon;
				ASSETCATALOG_COMPILER_GLOBAL_ACCENT_COLOR_NAME = AccentColor;
				CODE_SIGN_STYLE = Automatic;
				CURRENT_PROJECT_VERSION = 1;
				DEVELOPMENT_ASSET_PATHS = "\"WhereIsWeather/Preview Content\"";
				DEVELOPMENT_TEAM = PFT2629W4Z;
				ENABLE_PREVIEWS = YES;
				GENERATE_INFOPLIST_FILE = YES;
				INFOPLIST_KEY_UIApplicationSceneManifest_Generation = YES;
				INFOPLIST_KEY_UIApplicationSupportsIndirectInputEvents = YES;
				INFOPLIST_KEY_UILaunchScreen_Generation = YES;
				INFOPLIST_KEY_UISupportedInterfaceOrientations_iPad = "UIInterfaceOrientationPortrait UIInterfaceOrientationPortraitUpsideDown UIInterfaceOrientationLandscapeLeft UIInterfaceOrientationLandscapeRight";
				INFOPLIST_KEY_UISupportedInterfaceOrientations_iPhone = "UIInterfaceOrientationPortrait UIInterfaceOrientationLandscapeLeft UIInterfaceOrientationLandscapeRight";
				LD_RUNPATH_SEARCH_PATHS = (
					"$(inherited)",
					"@executable_path/Frameworks",
				);
				MARKETING_VERSION = 1.0;
				PRODUCT_BUNDLE_IDENTIFIER = SwiftViktor.WhereIsWeather;
				PRODUCT_NAME = "$(TARGET_NAME)";
				SWIFT_EMIT_LOC_STRINGS = YES;
				SWIFT_VERSION = 5.0;
				TARGETED_DEVICE_FAMILY = "1,2";
			};
			name = Release;
		};
		777E318F280DBFE300992DFF /* Debug */ = {
			isa = XCBuildConfiguration;
			buildSettings = {
				BUNDLE_LOADER = "$(TEST_HOST)";
				CODE_SIGN_STYLE = Automatic;
				CURRENT_PROJECT_VERSION = 1;
				DEVELOPMENT_TEAM = PFT2629W4Z;
				GENERATE_INFOPLIST_FILE = YES;
				MARKETING_VERSION = 1.0;
				PRODUCT_BUNDLE_IDENTIFIER = SwiftViktor.WhereIsWeatherTests;
				PRODUCT_NAME = "$(TARGET_NAME)";
				SWIFT_EMIT_LOC_STRINGS = NO;
				SWIFT_VERSION = 5.0;
				TARGETED_DEVICE_FAMILY = "1,2";
				TEST_HOST = "$(BUILT_PRODUCTS_DIR)/WhereIsWeather.app/WhereIsWeather";
			};
			name = Debug;
		};
		777E3190280DBFE300992DFF /* Release */ = {
			isa = XCBuildConfiguration;
			buildSettings = {
				BUNDLE_LOADER = "$(TEST_HOST)";
				CODE_SIGN_STYLE = Automatic;
				CURRENT_PROJECT_VERSION = 1;
				DEVELOPMENT_TEAM = PFT2629W4Z;
				GENERATE_INFOPLIST_FILE = YES;
				MARKETING_VERSION = 1.0;
				PRODUCT_BUNDLE_IDENTIFIER = SwiftViktor.WhereIsWeatherTests;
				PRODUCT_NAME = "$(TARGET_NAME)";
				SWIFT_EMIT_LOC_STRINGS = NO;
				SWIFT_VERSION = 5.0;
				TARGETED_DEVICE_FAMILY = "1,2";
				TEST_HOST = "$(BUILT_PRODUCTS_DIR)/WhereIsWeather.app/WhereIsWeather";
			};
			name = Release;
		};
/* End XCBuildConfiguration section */

/* Begin XCConfigurationList section */
		770F119B280D5AE000FD205F /* Build configuration list for PBXProject "WhereIsWeather" */ = {
			isa = XCConfigurationList;
			buildConfigurations = (
				770F11AC280D5AE100FD205F /* Debug */,
				770F11AD280D5AE100FD205F /* Release */,
			);
			defaultConfigurationIsVisible = 0;
			defaultConfigurationName = Release;
		};
		770F11AE280D5AE100FD205F /* Build configuration list for PBXNativeTarget "WhereIsWeather" */ = {
			isa = XCConfigurationList;
			buildConfigurations = (
				770F11AF280D5AE100FD205F /* Debug */,
				770F11B0280D5AE100FD205F /* Release */,
			);
			defaultConfigurationIsVisible = 0;
			defaultConfigurationName = Release;
		};
		777E3191280DBFE300992DFF /* Build configuration list for PBXNativeTarget "WhereIsWeatherTests" */ = {
			isa = XCConfigurationList;
			buildConfigurations = (
				777E318F280DBFE300992DFF /* Debug */,
				777E3190280DBFE300992DFF /* Release */,
			);
			defaultConfigurationIsVisible = 0;
			defaultConfigurationName = Release;
		};
/* End XCConfigurationList section */

/* Begin XCRemoteSwiftPackageReference section */
		770F11B1280D608300FD205F /* XCRemoteSwiftPackageReference "swift-composable-architecture" */ = {
			isa = XCRemoteSwiftPackageReference;
			repositoryURL = "https://github.com/pointfreeco/swift-composable-architecture";
			requirement = {
				kind = upToNextMajorVersion;
				minimumVersion = 0.9.0;
			};
		};
/* End XCRemoteSwiftPackageReference section */

/* Begin XCSwiftPackageProductDependency section */
		770F11B2280D608300FD205F /* ComposableArchitecture */ = {
			isa = XCSwiftPackageProductDependency;
			package = 770F11B1280D608300FD205F /* XCRemoteSwiftPackageReference "swift-composable-architecture" */;
			productName = ComposableArchitecture;
		};
/* End XCSwiftPackageProductDependency section */
	};
	rootObject = 770F1198280D5AE000FD205F /* Project object */;
}
